
Microsoft Visual Studio Solution File, Format Version 12.00
# Visual Studio Version 17
VisualStudioVersion = 17.8.34330.188
MinimumVisualStudioVersion = 10.0.40219.1
Project("{FAE04EC0-301F-11D3-BF4B-00C04F79EFBC}") = "XtramileBackend", "XtramileBackend.csproj", "{160C68BC-EFEB-4A8D-AB99-73310A741C3A}"
EndProject
Global
	GlobalSection(SolutionConfigurationPlatforms) = preSolution
		Debug|Any CPU = Debug|Any CPU
		Release|Any CPU = Release|Any CPU
	EndGlobalSection
	GlobalSection(ProjectConfigurationPlatforms) = postSolution
		{160C68BC-EFEB-4A8D-AB99-73310A741C3A}.Debug|Any CPU.ActiveCfg = Debug|Any CPU
		{160C68BC-EFEB-4A8D-AB99-73310A741C3A}.Debug|Any CPU.Build.0 = Debug|Any CPU
		{160C68BC-EFEB-4A8D-AB99-73310A741C3A}.Release|Any CPU.ActiveCfg = Release|Any CPU
		{160C68BC-EFEB-4A8D-AB99-73310A741C3A}.Release|Any CPU.Build.0 = Release|Any CPU
	EndGlobalSection
	GlobalSection(SolutionProperties) = preSolution
		HideSolutionNode = FALSE
	EndGlobalSection
	GlobalSection(ExtensibilityGlobals) = postSolution
		SolutionGuid = {0E1274BA-5E03-4CDB-9432-976156F297FE}
	EndGlobalSection
EndGlobal
